
Microsoft Visual Studio Solution File, Format Version 12.00
# Visual Studio 15
VisualStudioVersion = 15.0.26403.7
MinimumVisualStudioVersion = 10.0.40219.1
Project("{FAE04EC0-301F-11D3-BF4B-00C04F79EFBC}") = "FactorialDoWhile", "FactorialDoWhile\FactorialDoWhile.csproj", "{70466318-7DBF-4615-9E4D-B50FE5FB287D}"
EndProject
Global
	GlobalSection(SolutionConfigurationPlatforms) = preSolution
		Debug|Any CPU = Debug|Any CPU
		Release|Any CPU = Release|Any CPU
	EndGlobalSection
	GlobalSection(ProjectConfigurationPlatforms) = postSolution
		{70466318-7DBF-4615-9E4D-B50FE5FB287D}.Debug|Any CPU.ActiveCfg = Debug|Any CPU
		{70466318-7DBF-4615-9E4D-B50FE5FB287D}.Debug|Any CPU.Build.0 = Debug|Any CPU
		{70466318-7DBF-4615-9E4D-B50FE5FB287D}.Release|Any CPU.ActiveCfg = Release|Any CPU
		{70466318-7DBF-4615-9E4D-B50FE5FB287D}.Release|Any CPU.Build.0 = Release|Any CPU
	EndGlobalSection
	GlobalSection(SolutionProperties) = preSolution
		HideSolutionNode = FALSE
	EndGlobalSection
EndGlobal
